Microsoft Visual Studio Solution File, Format Version 7.00
Project("{8BC9CEB8-8B4A-11D0-8D11-00A0C91BC942}") = "appforest", "appforest.vcproj", "{ADEB736C-81FE-016B-C6FC-FC9399350707}"
EndProject
Project("{8BC9CEB8-8B4A-11D0-8D11-00A0C91BC942}") = "apptreegen", "apptreegen.vcproj", "{EB4FB51C-FCA0-A0C6-E570-A85BF1005C21}"
EndProject
Project("{8BC9CEB8-8B4A-11D0-8D11-00A0C91BC942}") = "apptreeview", "apptreeview.vcproj", "{7BCA047B-019D-9525-F3B2-B5F7DE310481}"
EndProject
Project("{8BC9CEB8-8B4A-11D0-8D11-00A0C91BC942}") = "appwebertest", "appwebertest.vcproj", "{149F26E9-8DD4-287C-7524-02289B3E299F}"
EndProject
Project("{8BC9CEB8-8B4A-11D0-8D11-00A0C91BC942}") = "libopentree", "libopentree.vcproj", "{04B1356D-2F34-5260-A8AC-02CF37D9E8FB}"
EndProject
Project("{8BC9CEB8-8B4A-11D0-8D11-00A0C91BC942}") = "librenderer", "librenderer.vcproj", "{D8F10241-1A8A-9233-DF9C-F0F87A34D778}"
EndProject
Project("{8BC9CEB8-8B4A-11D0-8D11-00A0C91BC942}") = "libtinyxml", "libtinyxml.vcproj", "{7678893D-AC1B-3E14-6B8B-3C45D5FD4FFA}"
EndProject
Project("{8BC9CEB8-8B4A-11D0-8D11-00A0C91BC942}") = "libweberarbaro", "libweberarbaro.vcproj", "{5A17E741-43CD-BE9D-FE05-7290A16F4D7C}"
EndProject
Global
	GlobalSection(SolutionConfiguration) = preSolution
		ConfigName.0 = Release
		ConfigName.1 = Debug
	EndGlobalSection
	GlobalSection(ProjectDependencies) = postSolution
		{ADEB736C-81FE-016B-C6FC-FC9399350707}.0 = {04B1356D-2F34-5260-A8AC-02CF37D9E8FB}
		{ADEB736C-81FE-016B-C6FC-FC9399350707}.1 = {D8F10241-1A8A-9233-DF9C-F0F87A34D778}
		{ADEB736C-81FE-016B-C6FC-FC9399350707}.2 = {7678893D-AC1B-3E14-6B8B-3C45D5FD4FFA}
		{ADEB736C-81FE-016B-C6FC-FC9399350707}.3 = {5A17E741-43CD-BE9D-FE05-7290A16F4D7C}
		{EB4FB51C-FCA0-A0C6-E570-A85BF1005C21}.0 = {04B1356D-2F34-5260-A8AC-02CF37D9E8FB}
		{EB4FB51C-FCA0-A0C6-E570-A85BF1005C21}.1 = {7678893D-AC1B-3E14-6B8B-3C45D5FD4FFA}
		{EB4FB51C-FCA0-A0C6-E570-A85BF1005C21}.2 = {5A17E741-43CD-BE9D-FE05-7290A16F4D7C}
		{7BCA047B-019D-9525-F3B2-B5F7DE310481}.0 = {04B1356D-2F34-5260-A8AC-02CF37D9E8FB}
		{7BCA047B-019D-9525-F3B2-B5F7DE310481}.1 = {D8F10241-1A8A-9233-DF9C-F0F87A34D778}
		{7BCA047B-019D-9525-F3B2-B5F7DE310481}.2 = {7678893D-AC1B-3E14-6B8B-3C45D5FD4FFA}
		{7BCA047B-019D-9525-F3B2-B5F7DE310481}.3 = {5A17E741-43CD-BE9D-FE05-7290A16F4D7C}
		{149F26E9-8DD4-287C-7524-02289B3E299F}.0 = {04B1356D-2F34-5260-A8AC-02CF37D9E8FB}
		{149F26E9-8DD4-287C-7524-02289B3E299F}.1 = {7678893D-AC1B-3E14-6B8B-3C45D5FD4FFA}
		{149F26E9-8DD4-287C-7524-02289B3E299F}.2 = {5A17E741-43CD-BE9D-FE05-7290A16F4D7C}
		{5A17E741-43CD-BE9D-FE05-7290A16F4D7C}.0 = {04B1356D-2F34-5260-A8AC-02CF37D9E8FB}
	EndGlobalSection
	GlobalSection(ProjectConfiguration) = postSolution
		{ADEB736C-81FE-016B-C6FC-FC9399350707}.Release.ActiveCfg = Release|Win32
		{ADEB736C-81FE-016B-C6FC-FC9399350707}.Release.Build.0 = Release|Win32
		{ADEB736C-81FE-016B-C6FC-FC9399350707}.Debug.ActiveCfg = Debug|Win32
		{ADEB736C-81FE-016B-C6FC-FC9399350707}.Debug.Build.0 = Debug|Win32
		{EB4FB51C-FCA0-A0C6-E570-A85BF1005C21}.Release.ActiveCfg = Release|Win32
		{EB4FB51C-FCA0-A0C6-E570-A85BF1005C21}.Release.Build.0 = Release|Win32
		{EB4FB51C-FCA0-A0C6-E570-A85BF1005C21}.Debug.ActiveCfg = Debug|Win32
		{EB4FB51C-FCA0-A0C6-E570-A85BF1005C21}.Debug.Build.0 = Debug|Win32
		{7BCA047B-019D-9525-F3B2-B5F7DE310481}.Release.ActiveCfg = Release|Win32
		{7BCA047B-019D-9525-F3B2-B5F7DE310481}.Release.Build.0 = Release|Win32
		{7BCA047B-019D-9525-F3B2-B5F7DE310481}.Debug.ActiveCfg = Debug|Win32
		{7BCA047B-019D-9525-F3B2-B5F7DE310481}.Debug.Build.0 = Debug|Win32
		{149F26E9-8DD4-287C-7524-02289B3E299F}.Release.ActiveCfg = Release|Win32
		{149F26E9-8DD4-287C-7524-02289B3E299F}.Release.Build.0 = Release|Win32
		{149F26E9-8DD4-287C-7524-02289B3E299F}.Debug.ActiveCfg = Debug|Win32
		{149F26E9-8DD4-287C-7524-02289B3E299F}.Debug.Build.0 = Debug|Win32
		{04B1356D-2F34-5260-A8AC-02CF37D9E8FB}.Release.ActiveCfg = Release|Win32
		{04B1356D-2F34-5260-A8AC-02CF37D9E8FB}.Release.Build.0 = Release|Win32
		{04B1356D-2F34-5260-A8AC-02CF37D9E8FB}.Debug.ActiveCfg = Debug|Win32
		{04B1356D-2F34-5260-A8AC-02CF37D9E8FB}.Debug.Build.0 = Debug|Win32
		{D8F10241-1A8A-9233-DF9C-F0F87A34D778}.Release.ActiveCfg = Release|Win32
		{D8F10241-1A8A-9233-DF9C-F0F87A34D778}.Release.Build.0 = Release|Win32
		{D8F10241-1A8A-9233-DF9C-F0F87A34D778}.Debug.ActiveCfg = Debug|Win32
		{D8F10241-1A8A-9233-DF9C-F0F87A34D778}.Debug.Build.0 = Debug|Win32
		{7678893D-AC1B-3E14-6B8B-3C45D5FD4FFA}.Release.ActiveCfg = Release|Win32
		{7678893D-AC1B-3E14-6B8B-3C45D5FD4FFA}.Release.Build.0 = Release|Win32
		{7678893D-AC1B-3E14-6B8B-3C45D5FD4FFA}.Debug.ActiveCfg = Debug|Win32
		{7678893D-AC1B-3E14-6B8B-3C45D5FD4FFA}.Debug.Build.0 = Debug|Win32
		{5A17E741-43CD-BE9D-FE05-7290A16F4D7C}.Release.ActiveCfg = Release|Win32
		{5A17E741-43CD-BE9D-FE05-7290A16F4D7C}.Release.Build.0 = Release|Win32
		{5A17E741-43CD-BE9D-FE05-7290A16F4D7C}.Debug.ActiveCfg = Debug|Win32
		{5A17E741-43CD-BE9D-FE05-7290A16F4D7C}.Debug.Build.0 = Debug|Win32
	EndGlobalSection
	GlobalSection(ExtensibilityGlobals) = postSolution
	EndGlobalSection
	GlobalSection(ExtensibilityAddIns) = postSolution
	EndGlobalSection
EndGlobal
