Microsoft Visual Studio Solution File, Format Version 10.00
# Visual Studio 2008
Project("{8BC9CEB8-8B4A-11D0-8D11-00A0C91BC942}") = "appforest", "appforest.vcproj", "{ADEB736C-81FE-016B-C6FC-FC9399350707}"
	ProjectSection(ProjectDependencies) = postProject
		{5A17E741-43CD-BE9D-FE05-7290A16F4D7C} = {5A17E741-43CD-BE9D-FE05-7290A16F4D7C}
		{7678893D-AC1B-3E14-6B8B-3C45D5FD4FFA} = {7678893D-AC1B-3E14-6B8B-3C45D5FD4FFA}
		{D8F10241-1A8A-9233-DF9C-F0F87A34D778} = {D8F10241-1A8A-9233-DF9C-F0F87A34D778}
		{04B1356D-2F34-5260-A8AC-02CF37D9E8FB} = {04B1356D-2F34-5260-A8AC-02CF37D9E8FB}
	EndProjectSection
EndProject
Project("{8BC9CEB8-8B4A-11D0-8D11-00A0C91BC942}") = "apptreegen", "apptreegen.vcproj", "{EB4FB51C-FCA0-A0C6-E570-A85BF1005C21}"
	ProjectSection(ProjectDependencies) = postProject
		{04B1356D-2F34-5260-A8AC-02CF37D9E8FB} = {04B1356D-2F34-5260-A8AC-02CF37D9E8FB}
		{5A17E741-43CD-BE9D-FE05-7290A16F4D7C} = {5A17E741-43CD-BE9D-FE05-7290A16F4D7C}
		{7678893D-AC1B-3E14-6B8B-3C45D5FD4FFA} = {7678893D-AC1B-3E14-6B8B-3C45D5FD4FFA}
	EndProjectSection
EndProject
Project("{8BC9CEB8-8B4A-11D0-8D11-00A0C91BC942}") = "apptreeview", "apptreeview.vcproj", "{7BCA047B-019D-9525-F3B2-B5F7DE310481}"
	ProjectSection(ProjectDependencies) = postProject
		{04B1356D-2F34-5260-A8AC-02CF37D9E8FB} = {04B1356D-2F34-5260-A8AC-02CF37D9E8FB}
		{5A17E741-43CD-BE9D-FE05-7290A16F4D7C} = {5A17E741-43CD-BE9D-FE05-7290A16F4D7C}
		{7678893D-AC1B-3E14-6B8B-3C45D5FD4FFA} = {7678893D-AC1B-3E14-6B8B-3C45D5FD4FFA}
		{D8F10241-1A8A-9233-DF9C-F0F87A34D778} = {D8F10241-1A8A-9233-DF9C-F0F87A34D778}
	EndProjectSection
EndProject
Project("{8BC9CEB8-8B4A-11D0-8D11-00A0C91BC942}") = "appwebertest", "appwebertest.vcproj", "{149F26E9-8DD4-287C-7524-02289B3E299F}"
	ProjectSection(ProjectDependencies) = postProject
		{04B1356D-2F34-5260-A8AC-02CF37D9E8FB} = {04B1356D-2F34-5260-A8AC-02CF37D9E8FB}
		{5A17E741-43CD-BE9D-FE05-7290A16F4D7C} = {5A17E741-43CD-BE9D-FE05-7290A16F4D7C}
		{7678893D-AC1B-3E14-6B8B-3C45D5FD4FFA} = {7678893D-AC1B-3E14-6B8B-3C45D5FD4FFA}
	EndProjectSection
EndProject
Project("{8BC9CEB8-8B4A-11D0-8D11-00A0C91BC942}") = "libopentree", "libopentree.vcproj", "{04B1356D-2F34-5260-A8AC-02CF37D9E8FB}"
EndProject
Project("{8BC9CEB8-8B4A-11D0-8D11-00A0C91BC942}") = "librenderer", "librenderer.vcproj", "{D8F10241-1A8A-9233-DF9C-F0F87A34D778}"
EndProject
Project("{8BC9CEB8-8B4A-11D0-8D11-00A0C91BC942}") = "libtinyxml", "libtinyxml.vcproj", "{7678893D-AC1B-3E14-6B8B-3C45D5FD4FFA}"
EndProject
Project("{8BC9CEB8-8B4A-11D0-8D11-00A0C91BC942}") = "libweberarbaro", "libweberarbaro.vcproj", "{5A17E741-43CD-BE9D-FE05-7290A16F4D7C}"
	ProjectSection(ProjectDependencies) = postProject
		{04B1356D-2F34-5260-A8AC-02CF37D9E8FB} = {04B1356D-2F34-5260-A8AC-02CF37D9E8FB}
	EndProjectSection
EndProject
Global
	GlobalSection(SolutionConfigurationPlatforms) = preSolution
		Debug|Win32 = Debug|Win32
		Release|Win32 = Release|Win32
	EndGlobalSection
	GlobalSection(ProjectConfigurationPlatforms) = postSolution
		{ADEB736C-81FE-016B-C6FC-FC9399350707}.Debug|Win32.ActiveCfg = Debug|Win32
		{ADEB736C-81FE-016B-C6FC-FC9399350707}.Debug|Win32.Build.0 = Debug|Win32
		{ADEB736C-81FE-016B-C6FC-FC9399350707}.Release|Win32.ActiveCfg = Release|Win32
		{ADEB736C-81FE-016B-C6FC-FC9399350707}.Release|Win32.Build.0 = Release|Win32
		{EB4FB51C-FCA0-A0C6-E570-A85BF1005C21}.Debug|Win32.ActiveCfg = Debug|Win32
		{EB4FB51C-FCA0-A0C6-E570-A85BF1005C21}.Debug|Win32.Build.0 = Debug|Win32
		{EB4FB51C-FCA0-A0C6-E570-A85BF1005C21}.Release|Win32.ActiveCfg = Release|Win32
		{EB4FB51C-FCA0-A0C6-E570-A85BF1005C21}.Release|Win32.Build.0 = Release|Win32
		{7BCA047B-019D-9525-F3B2-B5F7DE310481}.Debug|Win32.ActiveCfg = Debug|Win32
		{7BCA047B-019D-9525-F3B2-B5F7DE310481}.Debug|Win32.Build.0 = Debug|Win32
		{7BCA047B-019D-9525-F3B2-B5F7DE310481}.Release|Win32.ActiveCfg = Release|Win32
		{7BCA047B-019D-9525-F3B2-B5F7DE310481}.Release|Win32.Build.0 = Release|Win32
		{149F26E9-8DD4-287C-7524-02289B3E299F}.Debug|Win32.ActiveCfg = Debug|Win32
		{149F26E9-8DD4-287C-7524-02289B3E299F}.Debug|Win32.Build.0 = Debug|Win32
		{149F26E9-8DD4-287C-7524-02289B3E299F}.Release|Win32.ActiveCfg = Release|Win32
		{149F26E9-8DD4-287C-7524-02289B3E299F}.Release|Win32.Build.0 = Release|Win32
		{04B1356D-2F34-5260-A8AC-02CF37D9E8FB}.Debug|Win32.ActiveCfg = Debug|Win32
		{04B1356D-2F34-5260-A8AC-02CF37D9E8FB}.Debug|Win32.Build.0 = Debug|Win32
		{04B1356D-2F34-5260-A8AC-02CF37D9E8FB}.Release|Win32.ActiveCfg = Release|Win32
		{04B1356D-2F34-5260-A8AC-02CF37D9E8FB}.Release|Win32.Build.0 = Release|Win32
		{D8F10241-1A8A-9233-DF9C-F0F87A34D778}.Debug|Win32.ActiveCfg = Debug|Win32
		{D8F10241-1A8A-9233-DF9C-F0F87A34D778}.Debug|Win32.Build.0 = Debug|Win32
		{D8F10241-1A8A-9233-DF9C-F0F87A34D778}.Release|Win32.ActiveCfg = Release|Win32
		{D8F10241-1A8A-9233-DF9C-F0F87A34D778}.Release|Win32.Build.0 = Release|Win32
		{7678893D-AC1B-3E14-6B8B-3C45D5FD4FFA}.Debug|Win32.ActiveCfg = Debug|Win32
		{7678893D-AC1B-3E14-6B8B-3C45D5FD4FFA}.Debug|Win32.Build.0 = Debug|Win32
		{7678893D-AC1B-3E14-6B8B-3C45D5FD4FFA}.Release|Win32.ActiveCfg = Release|Win32
		{7678893D-AC1B-3E14-6B8B-3C45D5FD4FFA}.Release|Win32.Build.0 = Release|Win32
		{5A17E741-43CD-BE9D-FE05-7290A16F4D7C}.Debug|Win32.ActiveCfg = Debug|Win32
		{5A17E741-43CD-BE9D-FE05-7290A16F4D7C}.Debug|Win32.Build.0 = Debug|Win32
		{5A17E741-43CD-BE9D-FE05-7290A16F4D7C}.Release|Win32.ActiveCfg = Release|Win32
		{5A17E741-43CD-BE9D-FE05-7290A16F4D7C}.Release|Win32.Build.0 = Release|Win32
	EndGlobalSection
	GlobalSection(SolutionProperties) = preSolution
		HideSolutionNode = FALSE
	EndGlobalSection
EndGlobal
